// !$*UTF8*$!
{
	archiveVersion = 1;
	classes = {
	};
	objectVersion = 46;
	objects = {

/* Begin PBXBuildFile section */
		33DD0C061DB160D7008F711E /* AppDelegate.swift in Sources */ = {isa = PBXBuildFile; fileRef = 33DD0C051DB160D7008F711E /* AppDelegate.swift */; };
		33DD0C081DB160D7008F711E /* ViewController.swift in Sources */ = {isa = PBXBuildFile; fileRef = 33DD0C071DB160D7008F711E /* ViewController.swift */; };
		33DD0C0B1DB160D7008F711E /* Main.storyboard in Resources */ = {isa = PBXBuildFile; fileRef = 33DD0C091DB160D7008F711E /* Main.storyboard */; };
		33DD0C0D1DB160D8008F711E /* Assets.xcassets in Resources */ = {isa = PBXBuildFile; fileRef = 33DD0C0C1DB160D8008F711E /* Assets.xcassets */; };
		33DD0C101DB160D8008F711E /* LaunchScreen.storyboard in Resources */ = {isa = PBXBuildFile; fileRef = 33DD0C0E1DB160D8008F711E /* LaunchScreen.storyboard */; };
		33DD0C191DB160EA008F711E /* MapKit.framework in Frameworks */ = {isa = PBXBuildFile; fileRef = 33DD0C181DB160EA008F711E /* MapKit.framework */; };
		33DD0C231DB16151008F711E /* france.png in Resources */ = {isa = PBXBuildFile; fileRef = 33DD0C1C1DB16151008F711E /* france.png */; };
		33DD0C241DB16151008F711E /* germany.png in Resources */ = {isa = PBXBuildFile; fileRef = 33DD0C1D1DB16151008F711E /* germany.png */; };
		33DD0C251DB16151008F711E /* ireland.png in Resources */ = {isa = PBXBuildFile; fileRef = 33DD0C1E1DB16151008F711E /* ireland.png */; };
		33DD0C261DB16151008F711E /* netherlands.png in Resources */ = {isa = PBXBuildFile; fileRef = 33DD0C1F1DB16151008F711E /* netherlands.png */; };
		33DD0C271DB16151008F711E /* portugal.png in Resources */ = {isa = PBXBuildFile; fileRef = 33DD0C201DB16151008F711E /* portugal.png */; };
		33DD0C281DB16151008F711E /* spain.png in Resources */ = {isa = PBXBuildFile; fileRef = 33DD0C211DB16151008F711E /* spain.png */; };
		33DD0C291DB16151008F711E /* uk.png in Resources */ = {isa = PBXBuildFile; fileRef = 33DD0C221DB16151008F711E /* uk.png */; };
		33DD0C2B1DB16308008F711E /* countrydata.plist in Resources */ = {isa = PBXBuildFile; fileRef = 33DD0C2A1DB16308008F711E /* countrydata.plist */; };
		33DD0C2D1DB183C9008F711E /* Country.swift in Sources */ = {isa = PBXBuildFile; fileRef = 33DD0C2C1DB183C9008F711E /* Country.swift */; };
/* End PBXBuildFile section */

/* Begin PBXFileReference section */
		33DD0C021DB160D7008F711E /* plist2.app */ = {isa = PBXFileReference; explicitFileType = wrapper.application; includeInIndex = 0; path = plist2.app; sourceTree = BUILT_PRODUCTS_DIR; };
		33DD0C051DB160D7008F711E /* AppDelegate.swift */ = {isa = PBXFileReference; lastKnownFileType = sourcecode.swift; path = AppDelegate.swift; sourceTree = "<group>"; };
		33DD0C071DB160D7008F711E /* ViewController.swift */ = {isa = PBXFileReference; lastKnownFileType = sourcecode.swift; path = ViewController.swift; sourceTree = "<group>"; };
		33DD0C0A1DB160D7008F711E /* Base */ = {isa = PBXFileReference; lastKnownFileType = file.storyboard; name = Base; path = Base.lproj/Main.storyboard; sourceTree = "<group>"; };
		33DD0C0C1DB160D8008F711E /* Assets.xcassets */ = {isa = PBXFileReference; lastKnownFileType = folder.assetcatalog; path = Assets.xcassets; sourceTree = "<group>"; };
		33DD0C0F1DB160D8008F711E /* Base */ = {isa = PBXFileReference; lastKnownFileType = file.storyboard; name = Base; path = Base.lproj/LaunchScreen.storyboard; sourceTree = "<group>"; };
		33DD0C111DB160D8008F711E /* Info.plist */ = {isa = PBXFileReference; lastKnownFileType = text.plist.xml; path = Info.plist; sourceTree = "<group>"; };
		33DD0C181DB160EA008F711E /* MapKit.framework */ = {isa = PBXFileReference; lastKnownFileType = wrapper.framework; name = MapKit.framework; path = System/Library/Frameworks/MapKit.framework; sourceTree = SDKROOT; };
		33DD0C1C1DB16151008F711E /* france.png */ = {isa = PBXFileReference; lastKnownFileType = image.png; path = france.png; sourceTree = "<group>"; };
		33DD0C1D1DB16151008F711E /* germany.png */ = {isa = PBXFileReference; lastKnownFileType = image.png; path = germany.png; sourceTree = "<group>"; };
		33DD0C1E1DB16151008F711E /* ireland.png */ = {isa = PBXFileReference; lastKnownFileType = image.png; path = ireland.png; sourceTree = "<group>"; };
		33DD0C1F1DB16151008F711E /* netherlands.png */ = {isa = PBXFileReference; lastKnownFileType = image.png; path = netherlands.png; sourceTree = "<group>"; };
		33DD0C201DB16151008F711E /* portugal.png */ = {isa = PBXFileReference; lastKnownFileType = image.png; path = portugal.png; sourceTree = "<group>"; };
		33DD0C211DB16151008F711E /* spain.png */ = {isa = PBXFileReference; lastKnownFileType = image.png; path = spain.png; sourceTree = "<group>"; };
		33DD0C221DB16151008F711E /* uk.png */ = {isa = PBXFileReference; lastKnownFileType = image.png; path = uk.png; sourceTree = "<group>"; };
		33DD0C2A1DB16308008F711E /* countrydata.plist */ = {isa = PBXFileReference; fileEncoding = 4; lastKnownFileType = text.plist.xml; path = countrydata.plist; sourceTree = "<group>"; };
		33DD0C2C1DB183C9008F711E /* Country.swift */ = {isa = PBXFileReference; fileEncoding = 4; lastKnownFileType = sourcecode.swift; name = Country.swift; path = ../Country.swift; sourceTree = "<group>"; };
/* End PBXFileReference section */

/* Begin PBXFrameworksBuildPhase section */
		33DD0BFF1DB160D7008F711E /* Frameworks */ = {
			isa = PBXFrameworksBuildPhase;
			buildActionMask = 2147483647;
			files = (
				33DD0C191DB160EA008F711E /* MapKit.framework in Frameworks */,
			);
			runOnlyForDeploymentPostprocessing = 0;
		};
/* End PBXFrameworksBuildPhase section */

/* Begin PBXGroup section */
		33DD0BF91DB160D7008F711E = {
			isa = PBXGroup;
			children = (
				33DD0C041DB160D7008F711E /* plist2 */,
				33DD0C031DB160D7008F711E /* Products */,
				33DD0C171DB160EA008F711E /* Frameworks */,
			);
			sourceTree = "<group>";
		};
		33DD0C031DB160D7008F711E /* Products */ = {
			isa = PBXGroup;
			children = (
				33DD0C021DB160D7008F711E /* plist2.app */,
			);
			name = Products;
			sourceTree = "<group>";
		};
		33DD0C041DB160D7008F711E /* plist2 */ = {
			isa = PBXGroup;
			children = (
				33DD0C051DB160D7008F711E /* AppDelegate.swift */,
				33DD0C2C1DB183C9008F711E /* Country.swift */,
				33DD0C071DB160D7008F711E /* ViewController.swift */,
				33DD0C091DB160D7008F711E /* Main.storyboard */,
				33DD0C0C1DB160D8008F711E /* Assets.xcassets */,
				33DD0C1B1DB16151008F711E /* flags */,
				33DD0C0E1DB160D8008F711E /* LaunchScreen.storyboard */,
				33DD0C111DB160D8008F711E /* Info.plist */,
				33DD0C2A1DB16308008F711E /* countrydata.plist */,
			);
			path = plist2;
			sourceTree = "<group>";
		};
		33DD0C171DB160EA008F711E /* Frameworks */ = {
			isa = PBXGroup;
			children = (
				33DD0C181DB160EA008F711E /* MapKit.framework */,
			);
			name = Frameworks;
			sourceTree = "<group>";
		};
		33DD0C1B1DB16151008F711E /* flags */ = {
			isa = PBXGroup;
			children = (
				33DD0C1C1DB16151008F711E /* france.png */,
				33DD0C1D1DB16151008F711E /* germany.png */,
				33DD0C1E1DB16151008F711E /* ireland.png */,
				33DD0C1F1DB16151008F711E /* netherlands.png */,
				33DD0C201DB16151008F711E /* portugal.png */,
				33DD0C211DB16151008F711E /* spain.png */,
				33DD0C221DB16151008F711E /* uk.png */,
			);
			path = flags;
			sourceTree = "<group>";
		};
/* End PBXGroup section */

/* Begin PBXNativeTarget section */
		33DD0C011DB160D7008F711E /* plist2 */ = {
			isa = PBXNativeTarget;
			buildConfigurationList = 33DD0C141DB160D8008F711E /* Build configuration list for PBXNativeTarget "plist2" */;
			buildPhases = (
				33DD0BFE1DB160D7008F711E /* Sources */,
				33DD0BFF1DB160D7008F711E /* Frameworks */,
				33DD0C001DB160D7008F711E /* Resources */,
			);
			buildRules = (
			);
			dependencies = (
			);
			name = plist2;
			productName = plist2;
			productReference = 33DD0C021DB160D7008F711E /* plist2.app */;
			productType = "com.apple.product-type.application";
		};
/* End PBXNativeTarget section */

/* Begin PBXProject section */
		33DD0BFA1DB160D7008F711E /* Project object */ = {
			isa = PBXProject;
			attributes = {
				LastSwiftUpdateCheck = 0800;
				LastUpgradeCheck = 0800;
				ORGANIZATIONNAME = cdmackenzie;
				TargetAttributes = {
					33DD0C011DB160D7008F711E = {
						CreatedOnToolsVersion = 8.0;
						DevelopmentTeam = M75P83B9SJ;
						ProvisioningStyle = Automatic;
						SystemCapabilities = {
							com.apple.DataProtection = {
								enabled = 0;
							};
							com.apple.Maps.iOS = {
								enabled = 0;
							};
						};
					};
				};
			};
			buildConfigurationList = 33DD0BFD1DB160D7008F711E /* Build configuration list for PBXProject "plist2" */;
			compatibilityVersion = "Xcode 3.2";
			developmentRegion = English;
			hasScannedForEncodings = 0;
			knownRegions = (
				en,
				Base,
			);
			mainGroup = 33DD0BF91DB160D7008F711E;
			productRefGroup = 33DD0C031DB160D7008F711E /* Products */;
			projectDirPath = "";
			projectRoot = "";
			targets = (
				33DD0C011DB160D7008F711E /* plist2 */,
			);
		};
/* End PBXProject section */

/* Begin PBXResourcesBuildPhase section */
		33DD0C001DB160D7008F711E /* Resources */ = {
			isa = PBXResourcesBuildPhase;
			buildActionMask = 2147483647;
			files = (
				33DD0C231DB16151008F711E /* france.png in Resources */,
				33DD0C281DB16151008F711E /* spain.png in Resources */,
				33DD0C101DB160D8008F711E /* LaunchScreen.storyboard in Resources */,
				33DD0C261DB16151008F711E /* netherlands.png in Resources */,
				33DD0C2B1DB16308008F711E /* countrydata.plist in Resources */,
				33DD0C0D1DB160D8008F711E /* Assets.xcassets in Resources */,
				33DD0C291DB16151008F711E /* uk.png in Resources */,
				33DD0C251DB16151008F711E /* ireland.png in Resources */,
				33DD0C271DB16151008F711E /* portugal.png in Resources */,
				33DD0C0B1DB160D7008F711E /* Main.storyboard in Resources */,
				33DD0C241DB16151008F711E /* germany.png in Resources */,
			);
			runOnlyForDeploymentPostprocessing = 0;
		};
/* End PBXResourcesBuildPhase section */

/* Begin PBXSourcesBuildPhase section */
		33DD0BFE1DB160D7008F711E /* Sources */ = {
			isa = PBXSourcesBuildPhase;
			buildActionMask = 2147483647;
			files = (
				33DD0C081DB160D7008F711E /* ViewController.swift in Sources */,
				33DD0C2D1DB183C9008F711E /* Country.swift in Sources */,
				33DD0C061DB160D7008F711E /* AppDelegate.swift in Sources */,
			);
			runOnlyForDeploymentPostprocessing = 0;
		};
/* End PBXSourcesBuildPhase section */

/* Begin PBXVariantGroup section */
		33DD0C091DB160D7008F711E /* Main.storyboard */ = {
			isa = PBXVariantGroup;
			children = (
				33DD0C0A1DB160D7008F711E /* Base */,
			);
			name = Main.storyboard;
			sourceTree = "<group>";
		};
		33DD0C0E1DB160D8008F711E /* LaunchScreen.storyboard */ = {
			isa = PBXVariantGroup;
			children = (
				33DD0C0F1DB160D8008F711E /* Base */,
			);
			name = LaunchScreen.storyboard;
			sourceTree = "<group>";
		};
/* End PBXVariantGroup section */

/* Begin XCBuildConfiguration section */
		33DD0C121DB160D8008F711E /* Debug */ = {
			isa = XCBuildConfiguration;
			buildSettings = {
				ALWAYS_SEARCH_USER_PATHS = NO;
				CLANG_ANALYZER_NONNULL = YES;
				CLANG_CXX_LANGUAGE_STANDARD = "gnu++0x";
				CLANG_CXX_LIBRARY = "libc++";
				CLANG_ENABLE_MODULES = YES;
				CLANG_ENABLE_OBJC_ARC = YES;
				CLANG_WARN_BOOL_CONVERSION = YES;
				CLANG_WARN_CONSTANT_CONVERSION = YES;
				CLANG_WARN_DIRECT_OBJC_ISA_USAGE = YES_ERROR;
				CLANG_WARN_DOCUMENTATION_COMMENTS = YES;
				CLANG_WARN_EMPTY_BODY = YES;
				CLANG_WARN_ENUM_CONVERSION = YES;
				CLANG_WARN_INFINITE_RECURSION = YES;
				CLANG_WARN_INT_CONVERSION = YES;
				CLANG_WARN_OBJC_ROOT_CLASS = YES_ERROR;
				CLANG_WARN_SUSPICIOUS_MOVES = YES;
				CLANG_WARN_UNREACHABLE_CODE = YES;
				CLANG_WARN__DUPLICATE_METHOD_MATCH = YES;
				"CODE_SIGN_IDENTITY[sdk=iphoneos*]" = "iPhone Developer";
				COPY_PHASE_STRIP = NO;
				DEBUG_INFORMATION_FORMAT = dwarf;
				ENABLE_STRICT_OBJC_MSGSEND = YES;
				ENABLE_TESTABILITY = YES;
				GCC_C_LANGUAGE_STANDARD = gnu99;
				GCC_DYNAMIC_NO_PIC = NO;
				GCC_NO_COMMON_BLOCKS = YES;
				GCC_OPTIMIZATION_LEVEL = 0;
				GCC_PREPROCESSOR_DEFINITIONS = (
					"DEBUG=1",
					"$(inherited)",
				);
				GCC_WARN_64_TO_32_BIT_CONVERSION = YES;
				GCC_WARN_ABOUT_RETURN_TYPE = YES_ERROR;
				GCC_WARN_UNDECLARED_SELECTOR = YES;
				GCC_WARN_UNINITIALIZED_AUTOS = YES_AGGRESSIVE;
				GCC_WARN_UNUSED_FUNCTION = YES;
				GCC_WARN_UNUSED_VARIABLE = YES;
				IPHONEOS_DEPLOYMENT_TARGET = 10.0;
				MTL_ENABLE_DEBUG_INFO = YES;
				ONLY_ACTIVE_ARCH = YES;
				SDKROOT = iphoneos;
				SWIFT_ACTIVE_COMPILATION_CONDITIONS = DEBUG;
				SWIFT_OPTIMIZATION_LEVEL = "-Onone";
				TARGETED_DEVICE_FAMILY = "1,2";
			};
			name = Debug;
		};
		33DD0C131DB160D8008F711E /* Release */ = {
			isa = XCBuildConfiguration;
			buildSettings = {
				ALWAYS_SEARCH_USER_PATHS = NO;
				CLANG_ANALYZER_NONNULL = YES;
				CLANG_CXX_LANGUAGE_STANDARD = "gnu++0x";
				CLANG_CXX_LIBRARY = "libc++";
				CLANG_ENABLE_MODULES = YES;
				CLANG_ENABLE_OBJC_ARC = YES;
				CLANG_WARN_BOOL_CONVERSION = YES;
				CLANG_WARN_CONSTANT_CONVERSION = YES;
				CLANG_WARN_DIRECT_OBJC_ISA_USAGE = YES_ERROR;
				CLANG_WARN_DOCUMENTATION_COMMENTS = YES;
				CLANG_WARN_EMPTY_BODY = YES;
				CLANG_WARN_ENUM_CONVERSION = YES;
				CLANG_WARN_INFINITE_RECURSION = YES;
				CLANG_WARN_INT_CONVERSION = YES;
				CLANG_WARN_OBJC_ROOT_CLASS = YES_ERROR;
				CLANG_WARN_SUSPICIOUS_MOVES = YES;
				CLANG_WARN_UNREACHABLE_CODE = YES;
				CLANG_WARN__DUPLICATE_METHOD_MATCH = YES;
				"CODE_SIGN_IDENTITY[sdk=iphoneos*]" = "iPhone Developer";
				COPY_PHASE_STRIP = NO;
				DEBUG_INFORMATION_FORMAT = "dwarf-with-dsym";
				ENABLE_NS_ASSERTIONS = NO;
				ENABLE_STRICT_OBJC_MSGSEND = YES;
				GCC_C_LANGUAGE_STANDARD = gnu99;
				GCC_NO_COMMON_BLOCKS = YES;
				GCC_WARN_64_TO_32_BIT_CONVERSION = YES;
				GCC_WARN_ABOUT_RETURN_TYPE = YES_ERROR;
				GCC_WARN_UNDECLARED_SELECTOR = YES;
				GCC_WARN_UNINITIALIZED_AUTOS = YES_AGGRESSIVE;
				GCC_WARN_UNUSED_FUNCTION = YES;
				GCC_WARN_UNUSED_VARIABLE = YES;
				IPHONEOS_DEPLOYMENT_TARGET = 10.0;
				MTL_ENABLE_DEBUG_INFO = NO;
				SDKROOT = iphoneos;
				SWIFT_OPTIMIZATION_LEVEL = "-Owholemodule";
				TARGETED_DEVICE_FAMILY = "1,2";
				VALIDATE_PRODUCT = YES;
			};
			name = Release;
		};
		33DD0C151DB160D8008F711E /* Debug */ = {
			isa = XCBuildConfiguration;
			buildSettings = {
				ASSETCATALOG_COMPILER_APPICON_NAME = AppIcon;
				DEVELOPMENT_TEAM = M75P83B9SJ;
				INFOPLIST_FILE = plist2/Info.plist;
				LD_RUNPATH_SEARCH_PATHS = "$(inherited) @executable_path/Frameworks";
				PRODUCT_BUNDLE_IDENTIFIER = net.cdmackenzie.plist2;
				PRODUCT_NAME = "$(TARGET_NAME)";
				SWIFT_VERSION = 3.0;
			};
			name = Debug;
		};
		33DD0C161DB160D8008F711E /* Release */ = {
			isa = XCBuildConfiguration;
			buildSettings = {
				ASSETCATALOG_COMPILER_APPICON_NAME = AppIcon;
				DEVELOPMENT_TEAM = M75P83B9SJ;
				INFOPLIST_FILE = plist2/Info.plist;
				LD_RUNPATH_SEARCH_PATHS = "$(inherited) @executable_path/Frameworks";
				PRODUCT_BUNDLE_IDENTIFIER = net.cdmackenzie.plist2;
				PRODUCT_NAME = "$(TARGET_NAME)";
				SWIFT_VERSION = 3.0;
			};
			name = Release;
		};
/* End XCBuildConfiguration section */

/* Begin XCConfigurationList section */
		33DD0BFD1DB160D7008F711E /* Build configuration list for PBXProject "plist2" */ = {
			isa = XCConfigurationList;
			buildConfigurations = (
				33DD0C121DB160D8008F711E /* Debug */,
				33DD0C131DB160D8008F711E /* Release */,
			);
			defaultConfigurationIsVisible = 0;
			defaultConfigurationName = Release;
		};
		33DD0C141DB160D8008F711E /* Build configuration list for PBXNativeTarget "plist2" */ = {
			isa = XCConfigurationList;
			buildConfigurations = (
				33DD0C151DB160D8008F711E /* Debug */,
				33DD0C161DB160D8008F711E /* Release */,
			);
			defaultConfigurationIsVisible = 0;
		};
/* End XCConfigurationList section */
	};
	rootObject = 33DD0BFA1DB160D7008F711E /* Project object */;
}
